
Microsoft Visual Studio Solution File, Format Version 12.00
# Visual Studio Version 16
VisualStudioVersion = 16.0.31129.286
MinimumVisualStudioVersion = 10.0.40219.1
Project("{FAE04EC0-301F-11D3-BF4B-00C04F79EFBC}") = "ToDBC0419", "ToDBC0419.csproj", "{EB25F25C-77AC-4A5B-ADA3-07F14931814F}"
EndProject
Global
	GlobalSection(SolutionConfigurationPlatforms) = preSolution
		Debug|Any CPU = Debug|Any CPU
		Release|Any CPU = Release|Any CPU
	EndGlobalSection
	GlobalSection(ProjectConfigurationPlatforms) = postSolution
		{EB25F25C-77AC-4A5B-ADA3-07F14931814F}.Debug|Any CPU.ActiveCfg = Debug|Any CPU
		{EB25F25C-77AC-4A5B-ADA3-07F14931814F}.Debug|Any CPU.Build.0 = Debug|Any CPU
		{EB25F25C-77AC-4A5B-ADA3-07F14931814F}.Release|Any CPU.ActiveCfg = Release|Any CPU
		{EB25F25C-77AC-4A5B-ADA3-07F14931814F}.Release|Any CPU.Build.0 = Release|Any CPU
	EndGlobalSection
	GlobalSection(SolutionProperties) = preSolution
		HideSolutionNode = FALSE
	EndGlobalSection
	GlobalSection(ExtensibilityGlobals) = postSolution
		SolutionGuid = {08B5FE18-2F69-4EA4-A229-05ACB21442A2}
	EndGlobalSection
EndGlobal
